
Microsoft Visual Studio Solution File, Format Version 12.00
# Visual Studio Version 17
VisualStudioVersion = 17.0.31903.59
MinimumVisualStudioVersion = 10.0.40219.1
Project("{FAE04EC0-301F-11D3-BF4B-00C04F79EFBC}") = "Analyzer", "Analyzer\Analyzer.csproj", "{492E4AE0-BF8F-4BFD-A73D-6D36BBAC51B2}"
EndProject
Project("{FAE04EC0-301F-11D3-BF4B-00C04F79EFBC}") = "Analyzer.Example", "Analyzer.Example\Analyzer.Example.csproj", "{9A18EAC1-B3B2-44D0-A49A-8585E862D28B}"
EndProject
Project("{FAE04EC0-301F-11D3-BF4B-00C04F79EFBC}") = "Analyzer.Tests", "Analyzer.Tests\Analyzer.Tests.csproj", "{A1ED462B-8C4F-4BAF-A0BD-EFFBD033E16C}"
EndProject
Project("{FAE04EC0-301F-11D3-BF4B-00C04F79EFBC}") = "Analyzing", "Analyzing\Analyzing.csproj", "{50EEEC7C-392D-4E96-B649-B6BEF0BFD9BB}"
EndProject
Project("{FAE04EC0-301F-11D3-BF4B-00C04F79EFBC}") = "Analyzing.Example", "Analyzing.Example\Analyzing.Example.csproj", "{3CCBDCD1-6B90-4F20-B966-F75507272CCD}"
EndProject
Project("{FAE04EC0-301F-11D3-BF4B-00C04F79EFBC}") = "SolutionWideRewriting", "SolutionWideRewriting\SolutionWideRewriting.csproj", "{823DCC89-650A-423D-97FD-9DC9F099062A}"
EndProject
Project("{FAE04EC0-301F-11D3-BF4B-00C04F79EFBC}") = "Rewriting", "Rewriting\Rewriting.csproj", "{8235EAD3-2966-4222-A5B4-CEC5E084AA46}"
EndProject
Project("{FAE04EC0-301F-11D3-BF4B-00C04F79EFBC}") = "Rewriting.Example", "Rewriting.Example\Rewriting.Example.csproj", "{A918E943-7834-40FE-9BCE-9E06F48FACEB}"
EndProject
Project("{FAE04EC0-301F-11D3-BF4B-00C04F79EFBC}") = "SolutionWideRewriting.Example", "SolutionWideRewriting.Example\SolutionWideRewriting.Example.csproj", "{1260AF53-5E67-409D-8A32-FF9A014716E6}"
EndProject
Global
	GlobalSection(SolutionConfigurationPlatforms) = preSolution
		Debug|Any CPU = Debug|Any CPU
		Debug|x64 = Debug|x64
		Debug|x86 = Debug|x86
		Release|Any CPU = Release|Any CPU
		Release|x64 = Release|x64
		Release|x86 = Release|x86
	EndGlobalSection
	GlobalSection(ProjectConfigurationPlatforms) = postSolution
		{492E4AE0-BF8F-4BFD-A73D-6D36BBAC51B2}.Debug|Any CPU.ActiveCfg = Debug|Any CPU
		{492E4AE0-BF8F-4BFD-A73D-6D36BBAC51B2}.Debug|Any CPU.Build.0 = Debug|Any CPU
		{492E4AE0-BF8F-4BFD-A73D-6D36BBAC51B2}.Debug|x64.ActiveCfg = Debug|Any CPU
		{492E4AE0-BF8F-4BFD-A73D-6D36BBAC51B2}.Debug|x64.Build.0 = Debug|Any CPU
		{492E4AE0-BF8F-4BFD-A73D-6D36BBAC51B2}.Debug|x86.ActiveCfg = Debug|Any CPU
		{492E4AE0-BF8F-4BFD-A73D-6D36BBAC51B2}.Debug|x86.Build.0 = Debug|Any CPU
		{492E4AE0-BF8F-4BFD-A73D-6D36BBAC51B2}.Release|Any CPU.ActiveCfg = Release|Any CPU
		{492E4AE0-BF8F-4BFD-A73D-6D36BBAC51B2}.Release|Any CPU.Build.0 = Release|Any CPU
		{492E4AE0-BF8F-4BFD-A73D-6D36BBAC51B2}.Release|x64.ActiveCfg = Release|Any CPU
		{492E4AE0-BF8F-4BFD-A73D-6D36BBAC51B2}.Release|x64.Build.0 = Release|Any CPU
		{492E4AE0-BF8F-4BFD-A73D-6D36BBAC51B2}.Release|x86.ActiveCfg = Release|Any CPU
		{492E4AE0-BF8F-4BFD-A73D-6D36BBAC51B2}.Release|x86.Build.0 = Release|Any CPU
		{9A18EAC1-B3B2-44D0-A49A-8585E862D28B}.Debug|Any CPU.ActiveCfg = Debug|Any CPU
		{9A18EAC1-B3B2-44D0-A49A-8585E862D28B}.Debug|Any CPU.Build.0 = Debug|Any CPU
		{9A18EAC1-B3B2-44D0-A49A-8585E862D28B}.Debug|x64.ActiveCfg = Debug|Any CPU
		{9A18EAC1-B3B2-44D0-A49A-8585E862D28B}.Debug|x64.Build.0 = Debug|Any CPU
		{9A18EAC1-B3B2-44D0-A49A-8585E862D28B}.Debug|x86.ActiveCfg = Debug|Any CPU
		{9A18EAC1-B3B2-44D0-A49A-8585E862D28B}.Debug|x86.Build.0 = Debug|Any CPU
		{9A18EAC1-B3B2-44D0-A49A-8585E862D28B}.Release|Any CPU.ActiveCfg = Release|Any CPU
		{9A18EAC1-B3B2-44D0-A49A-8585E862D28B}.Release|Any CPU.Build.0 = Release|Any CPU
		{9A18EAC1-B3B2-44D0-A49A-8585E862D28B}.Release|x64.ActiveCfg = Release|Any CPU
		{9A18EAC1-B3B2-44D0-A49A-8585E862D28B}.Release|x64.Build.0 = Release|Any CPU
		{9A18EAC1-B3B2-44D0-A49A-8585E862D28B}.Release|x86.ActiveCfg = Release|Any CPU
		{9A18EAC1-B3B2-44D0-A49A-8585E862D28B}.Release|x86.Build.0 = Release|Any CPU
		{A1ED462B-8C4F-4BAF-A0BD-EFFBD033E16C}.Debug|Any CPU.ActiveCfg = Debug|Any CPU
		{A1ED462B-8C4F-4BAF-A0BD-EFFBD033E16C}.Debug|Any CPU.Build.0 = Debug|Any CPU
		{A1ED462B-8C4F-4BAF-A0BD-EFFBD033E16C}.Debug|x64.ActiveCfg = Debug|Any CPU
		{A1ED462B-8C4F-4BAF-A0BD-EFFBD033E16C}.Debug|x64.Build.0 = Debug|Any CPU
		{A1ED462B-8C4F-4BAF-A0BD-EFFBD033E16C}.Debug|x86.ActiveCfg = Debug|Any CPU
		{A1ED462B-8C4F-4BAF-A0BD-EFFBD033E16C}.Debug|x86.Build.0 = Debug|Any CPU
		{A1ED462B-8C4F-4BAF-A0BD-EFFBD033E16C}.Release|Any CPU.ActiveCfg = Release|Any CPU
		{A1ED462B-8C4F-4BAF-A0BD-EFFBD033E16C}.Release|Any CPU.Build.0 = Release|Any CPU
		{A1ED462B-8C4F-4BAF-A0BD-EFFBD033E16C}.Release|x64.ActiveCfg = Release|Any CPU
		{A1ED462B-8C4F-4BAF-A0BD-EFFBD033E16C}.Release|x64.Build.0 = Release|Any CPU
		{A1ED462B-8C4F-4BAF-A0BD-EFFBD033E16C}.Release|x86.ActiveCfg = Release|Any CPU
		{A1ED462B-8C4F-4BAF-A0BD-EFFBD033E16C}.Release|x86.Build.0 = Release|Any CPU
		{50EEEC7C-392D-4E96-B649-B6BEF0BFD9BB}.Debug|Any CPU.ActiveCfg = Debug|Any CPU
		{50EEEC7C-392D-4E96-B649-B6BEF0BFD9BB}.Debug|Any CPU.Build.0 = Debug|Any CPU
		{50EEEC7C-392D-4E96-B649-B6BEF0BFD9BB}.Debug|x64.ActiveCfg = Debug|Any CPU
		{50EEEC7C-392D-4E96-B649-B6BEF0BFD9BB}.Debug|x64.Build.0 = Debug|Any CPU
		{50EEEC7C-392D-4E96-B649-B6BEF0BFD9BB}.Debug|x86.ActiveCfg = Debug|Any CPU
		{50EEEC7C-392D-4E96-B649-B6BEF0BFD9BB}.Debug|x86.Build.0 = Debug|Any CPU
		{50EEEC7C-392D-4E96-B649-B6BEF0BFD9BB}.Release|Any CPU.ActiveCfg = Release|Any CPU
		{50EEEC7C-392D-4E96-B649-B6BEF0BFD9BB}.Release|Any CPU.Build.0 = Release|Any CPU
		{50EEEC7C-392D-4E96-B649-B6BEF0BFD9BB}.Release|x64.ActiveCfg = Release|Any CPU
		{50EEEC7C-392D-4E96-B649-B6BEF0BFD9BB}.Release|x64.Build.0 = Release|Any CPU
		{50EEEC7C-392D-4E96-B649-B6BEF0BFD9BB}.Release|x86.ActiveCfg = Release|Any CPU
		{50EEEC7C-392D-4E96-B649-B6BEF0BFD9BB}.Release|x86.Build.0 = Release|Any CPU
		{3CCBDCD1-6B90-4F20-B966-F75507272CCD}.Debug|Any CPU.ActiveCfg = Debug|Any CPU
		{3CCBDCD1-6B90-4F20-B966-F75507272CCD}.Debug|Any CPU.Build.0 = Debug|Any CPU
		{3CCBDCD1-6B90-4F20-B966-F75507272CCD}.Debug|x64.ActiveCfg = Debug|Any CPU
		{3CCBDCD1-6B90-4F20-B966-F75507272CCD}.Debug|x64.Build.0 = Debug|Any CPU
		{3CCBDCD1-6B90-4F20-B966-F75507272CCD}.Debug|x86.ActiveCfg = Debug|Any CPU
		{3CCBDCD1-6B90-4F20-B966-F75507272CCD}.Debug|x86.Build.0 = Debug|Any CPU
		{3CCBDCD1-6B90-4F20-B966-F75507272CCD}.Release|Any CPU.ActiveCfg = Release|Any CPU
		{3CCBDCD1-6B90-4F20-B966-F75507272CCD}.Release|Any CPU.Build.0 = Release|Any CPU
		{3CCBDCD1-6B90-4F20-B966-F75507272CCD}.Release|x64.ActiveCfg = Release|Any CPU
		{3CCBDCD1-6B90-4F20-B966-F75507272CCD}.Release|x64.Build.0 = Release|Any CPU
		{3CCBDCD1-6B90-4F20-B966-F75507272CCD}.Release|x86.ActiveCfg = Release|Any CPU
		{3CCBDCD1-6B90-4F20-B966-F75507272CCD}.Release|x86.Build.0 = Release|Any CPU
		{823DCC89-650A-423D-97FD-9DC9F099062A}.Debug|Any CPU.ActiveCfg = Debug|Any CPU
		{823DCC89-650A-423D-97FD-9DC9F099062A}.Debug|Any CPU.Build.0 = Debug|Any CPU
		{823DCC89-650A-423D-97FD-9DC9F099062A}.Debug|x64.ActiveCfg = Debug|Any CPU
		{823DCC89-650A-423D-97FD-9DC9F099062A}.Debug|x64.Build.0 = Debug|Any CPU
		{823DCC89-650A-423D-97FD-9DC9F099062A}.Debug|x86.ActiveCfg = Debug|Any CPU
		{823DCC89-650A-423D-97FD-9DC9F099062A}.Debug|x86.Build.0 = Debug|Any CPU
		{823DCC89-650A-423D-97FD-9DC9F099062A}.Release|Any CPU.ActiveCfg = Release|Any CPU
		{823DCC89-650A-423D-97FD-9DC9F099062A}.Release|Any CPU.Build.0 = Release|Any CPU
		{823DCC89-650A-423D-97FD-9DC9F099062A}.Release|x64.ActiveCfg = Release|Any CPU
		{823DCC89-650A-423D-97FD-9DC9F099062A}.Release|x64.Build.0 = Release|Any CPU
		{823DCC89-650A-423D-97FD-9DC9F099062A}.Release|x86.ActiveCfg = Release|Any CPU
		{823DCC89-650A-423D-97FD-9DC9F099062A}.Release|x86.Build.0 = Release|Any CPU
		{8235EAD3-2966-4222-A5B4-CEC5E084AA46}.Debug|Any CPU.ActiveCfg = Debug|Any CPU
		{8235EAD3-2966-4222-A5B4-CEC5E084AA46}.Debug|Any CPU.Build.0 = Debug|Any CPU
		{8235EAD3-2966-4222-A5B4-CEC5E084AA46}.Debug|x64.ActiveCfg = Debug|Any CPU
		{8235EAD3-2966-4222-A5B4-CEC5E084AA46}.Debug|x64.Build.0 = Debug|Any CPU
		{8235EAD3-2966-4222-A5B4-CEC5E084AA46}.Debug|x86.ActiveCfg = Debug|Any CPU
		{8235EAD3-2966-4222-A5B4-CEC5E084AA46}.Debug|x86.Build.0 = Debug|Any CPU
		{8235EAD3-2966-4222-A5B4-CEC5E084AA46}.Release|Any CPU.ActiveCfg = Release|Any CPU
		{8235EAD3-2966-4222-A5B4-CEC5E084AA46}.Release|Any CPU.Build.0 = Release|Any CPU
		{8235EAD3-2966-4222-A5B4-CEC5E084AA46}.Release|x64.ActiveCfg = Release|Any CPU
		{8235EAD3-2966-4222-A5B4-CEC5E084AA46}.Release|x64.Build.0 = Release|Any CPU
		{8235EAD3-2966-4222-A5B4-CEC5E084AA46}.Release|x86.ActiveCfg = Release|Any CPU
		{8235EAD3-2966-4222-A5B4-CEC5E084AA46}.Release|x86.Build.0 = Release|Any CPU
		{A918E943-7834-40FE-9BCE-9E06F48FACEB}.Debug|Any CPU.ActiveCfg = Debug|Any CPU
		{A918E943-7834-40FE-9BCE-9E06F48FACEB}.Debug|Any CPU.Build.0 = Debug|Any CPU
		{A918E943-7834-40FE-9BCE-9E06F48FACEB}.Debug|x64.ActiveCfg = Debug|Any CPU
		{A918E943-7834-40FE-9BCE-9E06F48FACEB}.Debug|x64.Build.0 = Debug|Any CPU
		{A918E943-7834-40FE-9BCE-9E06F48FACEB}.Debug|x86.ActiveCfg = Debug|Any CPU
		{A918E943-7834-40FE-9BCE-9E06F48FACEB}.Debug|x86.Build.0 = Debug|Any CPU
		{A918E943-7834-40FE-9BCE-9E06F48FACEB}.Release|Any CPU.ActiveCfg = Release|Any CPU
		{A918E943-7834-40FE-9BCE-9E06F48FACEB}.Release|Any CPU.Build.0 = Release|Any CPU
		{A918E943-7834-40FE-9BCE-9E06F48FACEB}.Release|x64.ActiveCfg = Release|Any CPU
		{A918E943-7834-40FE-9BCE-9E06F48FACEB}.Release|x64.Build.0 = Release|Any CPU
		{A918E943-7834-40FE-9BCE-9E06F48FACEB}.Release|x86.ActiveCfg = Release|Any CPU
		{A918E943-7834-40FE-9BCE-9E06F48FACEB}.Release|x86.Build.0 = Release|Any CPU
		{1260AF53-5E67-409D-8A32-FF9A014716E6}.Debug|Any CPU.ActiveCfg = Debug|Any CPU
		{1260AF53-5E67-409D-8A32-FF9A014716E6}.Debug|Any CPU.Build.0 = Debug|Any CPU
		{1260AF53-5E67-409D-8A32-FF9A014716E6}.Debug|x64.ActiveCfg = Debug|Any CPU
		{1260AF53-5E67-409D-8A32-FF9A014716E6}.Debug|x64.Build.0 = Debug|Any CPU
		{1260AF53-5E67-409D-8A32-FF9A014716E6}.Debug|x86.ActiveCfg = Debug|Any CPU
		{1260AF53-5E67-409D-8A32-FF9A014716E6}.Debug|x86.Build.0 = Debug|Any CPU
		{1260AF53-5E67-409D-8A32-FF9A014716E6}.Release|Any CPU.ActiveCfg = Release|Any CPU
		{1260AF53-5E67-409D-8A32-FF9A014716E6}.Release|Any CPU.Build.0 = Release|Any CPU
		{1260AF53-5E67-409D-8A32-FF9A014716E6}.Release|x64.ActiveCfg = Release|Any CPU
		{1260AF53-5E67-409D-8A32-FF9A014716E6}.Release|x64.Build.0 = Release|Any CPU
		{1260AF53-5E67-409D-8A32-FF9A014716E6}.Release|x86.ActiveCfg = Release|Any CPU
		{1260AF53-5E67-409D-8A32-FF9A014716E6}.Release|x86.Build.0 = Release|Any CPU
	EndGlobalSection
	GlobalSection(SolutionProperties) = preSolution
		HideSolutionNode = FALSE
	EndGlobalSection
EndGlobal
