
Microsoft Visual Studio Solution File, Format Version 12.00
# Visual Studio Version 17
VisualStudioVersion = 17.0.31903.59
MinimumVisualStudioVersion = 10.0.40219.1
Project("{FAE04EC0-301F-11D3-BF4B-00C04F79EFBC}") = "Analyzing", "Analyzing\Analyzing.csproj", "{CF4E69AB-ECBD-4159-8875-EE31A4DC807A}"
EndProject
Project("{FAE04EC0-301F-11D3-BF4B-00C04F79EFBC}") = "Rewriting", "Rewriting\Rewriting.csproj", "{A1A5AA63-1EC9-43F2-8DC8-9659634CD3B1}"
EndProject
Project("{FAE04EC0-301F-11D3-BF4B-00C04F79EFBC}") = "Analyzing.Example", "Analyzing.Example\Analyzing.Example.csproj", "{EC84E32D-CA54-46A1-9E3A-1CD92FAD04C8}"
EndProject
Project("{FAE04EC0-301F-11D3-BF4B-00C04F79EFBC}") = "Scripting", "Scripting\Scripting.csproj", "{98EAB424-C093-4DA0-A7F8-FFE0EB6773D7}"
EndProject
Project("{FAE04EC0-301F-11D3-BF4B-00C04F79EFBC}") = "Renaming", "Renaming\Renaming.csproj", "{BA5658B3-B6EB-4B3F-8D39-359468781C38}"
EndProject
Project("{FAE04EC0-301F-11D3-BF4B-00C04F79EFBC}") = "Rewriting.Example", "Rewriting.Example\Rewriting.Example.csproj", "{7FD729BA-EC1B-4F51-BBAB-7033F9AC3559}"
EndProject
Project("{FAE04EC0-301F-11D3-BF4B-00C04F79EFBC}") = "Analyzers", "Analyzers1\Analyzers\Analyzers.csproj", "{EA6A8FF4-E58A-4973-A671-6B5D0FBCF15C}"
EndProject
Project("{FAE04EC0-301F-11D3-BF4B-00C04F79EFBC}") = "Analyzers.Sample", "Analyzers1\Analyzers.Sample\Analyzers.Sample.csproj", "{2869DE27-4DD1-4FF0-94C3-307EABC83E8A}"
EndProject
Project("{FAE04EC0-301F-11D3-BF4B-00C04F79EFBC}") = "Analyzers.Tests", "Analyzers1\Analyzers.Tests\Analyzers.Tests.csproj", "{3D01CD19-D251-4591-A1E3-37FAFEDAE60E}"
EndProject
Global
	GlobalSection(SolutionConfigurationPlatforms) = preSolution
		Debug|Any CPU = Debug|Any CPU
		Debug|x64 = Debug|x64
		Debug|x86 = Debug|x86
		Release|Any CPU = Release|Any CPU
		Release|x64 = Release|x64
		Release|x86 = Release|x86
	EndGlobalSection
	GlobalSection(ProjectConfigurationPlatforms) = postSolution
		{CF4E69AB-ECBD-4159-8875-EE31A4DC807A}.Debug|Any CPU.ActiveCfg = Debug|Any CPU
		{CF4E69AB-ECBD-4159-8875-EE31A4DC807A}.Debug|Any CPU.Build.0 = Debug|Any CPU
		{CF4E69AB-ECBD-4159-8875-EE31A4DC807A}.Debug|x64.ActiveCfg = Debug|Any CPU
		{CF4E69AB-ECBD-4159-8875-EE31A4DC807A}.Debug|x64.Build.0 = Debug|Any CPU
		{CF4E69AB-ECBD-4159-8875-EE31A4DC807A}.Debug|x86.ActiveCfg = Debug|Any CPU
		{CF4E69AB-ECBD-4159-8875-EE31A4DC807A}.Debug|x86.Build.0 = Debug|Any CPU
		{CF4E69AB-ECBD-4159-8875-EE31A4DC807A}.Release|Any CPU.ActiveCfg = Release|Any CPU
		{CF4E69AB-ECBD-4159-8875-EE31A4DC807A}.Release|Any CPU.Build.0 = Release|Any CPU
		{CF4E69AB-ECBD-4159-8875-EE31A4DC807A}.Release|x64.ActiveCfg = Release|Any CPU
		{CF4E69AB-ECBD-4159-8875-EE31A4DC807A}.Release|x64.Build.0 = Release|Any CPU
		{CF4E69AB-ECBD-4159-8875-EE31A4DC807A}.Release|x86.ActiveCfg = Release|Any CPU
		{CF4E69AB-ECBD-4159-8875-EE31A4DC807A}.Release|x86.Build.0 = Release|Any CPU
		{A1A5AA63-1EC9-43F2-8DC8-9659634CD3B1}.Debug|Any CPU.ActiveCfg = Debug|Any CPU
		{A1A5AA63-1EC9-43F2-8DC8-9659634CD3B1}.Debug|Any CPU.Build.0 = Debug|Any CPU
		{A1A5AA63-1EC9-43F2-8DC8-9659634CD3B1}.Debug|x64.ActiveCfg = Debug|Any CPU
		{A1A5AA63-1EC9-43F2-8DC8-9659634CD3B1}.Debug|x64.Build.0 = Debug|Any CPU
		{A1A5AA63-1EC9-43F2-8DC8-9659634CD3B1}.Debug|x86.ActiveCfg = Debug|Any CPU
		{A1A5AA63-1EC9-43F2-8DC8-9659634CD3B1}.Debug|x86.Build.0 = Debug|Any CPU
		{A1A5AA63-1EC9-43F2-8DC8-9659634CD3B1}.Release|Any CPU.ActiveCfg = Release|Any CPU
		{A1A5AA63-1EC9-43F2-8DC8-9659634CD3B1}.Release|Any CPU.Build.0 = Release|Any CPU
		{A1A5AA63-1EC9-43F2-8DC8-9659634CD3B1}.Release|x64.ActiveCfg = Release|Any CPU
		{A1A5AA63-1EC9-43F2-8DC8-9659634CD3B1}.Release|x64.Build.0 = Release|Any CPU
		{A1A5AA63-1EC9-43F2-8DC8-9659634CD3B1}.Release|x86.ActiveCfg = Release|Any CPU
		{A1A5AA63-1EC9-43F2-8DC8-9659634CD3B1}.Release|x86.Build.0 = Release|Any CPU
		{EC84E32D-CA54-46A1-9E3A-1CD92FAD04C8}.Debug|Any CPU.ActiveCfg = Debug|Any CPU
		{EC84E32D-CA54-46A1-9E3A-1CD92FAD04C8}.Debug|Any CPU.Build.0 = Debug|Any CPU
		{EC84E32D-CA54-46A1-9E3A-1CD92FAD04C8}.Debug|x64.ActiveCfg = Debug|Any CPU
		{EC84E32D-CA54-46A1-9E3A-1CD92FAD04C8}.Debug|x64.Build.0 = Debug|Any CPU
		{EC84E32D-CA54-46A1-9E3A-1CD92FAD04C8}.Debug|x86.ActiveCfg = Debug|Any CPU
		{EC84E32D-CA54-46A1-9E3A-1CD92FAD04C8}.Debug|x86.Build.0 = Debug|Any CPU
		{EC84E32D-CA54-46A1-9E3A-1CD92FAD04C8}.Release|Any CPU.ActiveCfg = Release|Any CPU
		{EC84E32D-CA54-46A1-9E3A-1CD92FAD04C8}.Release|Any CPU.Build.0 = Release|Any CPU
		{EC84E32D-CA54-46A1-9E3A-1CD92FAD04C8}.Release|x64.ActiveCfg = Release|Any CPU
		{EC84E32D-CA54-46A1-9E3A-1CD92FAD04C8}.Release|x64.Build.0 = Release|Any CPU
		{EC84E32D-CA54-46A1-9E3A-1CD92FAD04C8}.Release|x86.ActiveCfg = Release|Any CPU
		{EC84E32D-CA54-46A1-9E3A-1CD92FAD04C8}.Release|x86.Build.0 = Release|Any CPU
		{98EAB424-C093-4DA0-A7F8-FFE0EB6773D7}.Debug|Any CPU.ActiveCfg = Debug|Any CPU
		{98EAB424-C093-4DA0-A7F8-FFE0EB6773D7}.Debug|Any CPU.Build.0 = Debug|Any CPU
		{98EAB424-C093-4DA0-A7F8-FFE0EB6773D7}.Debug|x64.ActiveCfg = Debug|Any CPU
		{98EAB424-C093-4DA0-A7F8-FFE0EB6773D7}.Debug|x64.Build.0 = Debug|Any CPU
		{98EAB424-C093-4DA0-A7F8-FFE0EB6773D7}.Debug|x86.ActiveCfg = Debug|Any CPU
		{98EAB424-C093-4DA0-A7F8-FFE0EB6773D7}.Debug|x86.Build.0 = Debug|Any CPU
		{98EAB424-C093-4DA0-A7F8-FFE0EB6773D7}.Release|Any CPU.ActiveCfg = Release|Any CPU
		{98EAB424-C093-4DA0-A7F8-FFE0EB6773D7}.Release|Any CPU.Build.0 = Release|Any CPU
		{98EAB424-C093-4DA0-A7F8-FFE0EB6773D7}.Release|x64.ActiveCfg = Release|Any CPU
		{98EAB424-C093-4DA0-A7F8-FFE0EB6773D7}.Release|x64.Build.0 = Release|Any CPU
		{98EAB424-C093-4DA0-A7F8-FFE0EB6773D7}.Release|x86.ActiveCfg = Release|Any CPU
		{98EAB424-C093-4DA0-A7F8-FFE0EB6773D7}.Release|x86.Build.0 = Release|Any CPU
		{BA5658B3-B6EB-4B3F-8D39-359468781C38}.Debug|Any CPU.ActiveCfg = Debug|Any CPU
		{BA5658B3-B6EB-4B3F-8D39-359468781C38}.Debug|Any CPU.Build.0 = Debug|Any CPU
		{BA5658B3-B6EB-4B3F-8D39-359468781C38}.Debug|x64.ActiveCfg = Debug|Any CPU
		{BA5658B3-B6EB-4B3F-8D39-359468781C38}.Debug|x64.Build.0 = Debug|Any CPU
		{BA5658B3-B6EB-4B3F-8D39-359468781C38}.Debug|x86.ActiveCfg = Debug|Any CPU
		{BA5658B3-B6EB-4B3F-8D39-359468781C38}.Debug|x86.Build.0 = Debug|Any CPU
		{BA5658B3-B6EB-4B3F-8D39-359468781C38}.Release|Any CPU.ActiveCfg = Release|Any CPU
		{BA5658B3-B6EB-4B3F-8D39-359468781C38}.Release|Any CPU.Build.0 = Release|Any CPU
		{BA5658B3-B6EB-4B3F-8D39-359468781C38}.Release|x64.ActiveCfg = Release|Any CPU
		{BA5658B3-B6EB-4B3F-8D39-359468781C38}.Release|x64.Build.0 = Release|Any CPU
		{BA5658B3-B6EB-4B3F-8D39-359468781C38}.Release|x86.ActiveCfg = Release|Any CPU
		{BA5658B3-B6EB-4B3F-8D39-359468781C38}.Release|x86.Build.0 = Release|Any CPU
		{7FD729BA-EC1B-4F51-BBAB-7033F9AC3559}.Debug|Any CPU.ActiveCfg = Debug|Any CPU
		{7FD729BA-EC1B-4F51-BBAB-7033F9AC3559}.Debug|Any CPU.Build.0 = Debug|Any CPU
		{7FD729BA-EC1B-4F51-BBAB-7033F9AC3559}.Debug|x64.ActiveCfg = Debug|Any CPU
		{7FD729BA-EC1B-4F51-BBAB-7033F9AC3559}.Debug|x64.Build.0 = Debug|Any CPU
		{7FD729BA-EC1B-4F51-BBAB-7033F9AC3559}.Debug|x86.ActiveCfg = Debug|Any CPU
		{7FD729BA-EC1B-4F51-BBAB-7033F9AC3559}.Debug|x86.Build.0 = Debug|Any CPU
		{7FD729BA-EC1B-4F51-BBAB-7033F9AC3559}.Release|Any CPU.ActiveCfg = Release|Any CPU
		{7FD729BA-EC1B-4F51-BBAB-7033F9AC3559}.Release|Any CPU.Build.0 = Release|Any CPU
		{7FD729BA-EC1B-4F51-BBAB-7033F9AC3559}.Release|x64.ActiveCfg = Release|Any CPU
		{7FD729BA-EC1B-4F51-BBAB-7033F9AC3559}.Release|x64.Build.0 = Release|Any CPU
		{7FD729BA-EC1B-4F51-BBAB-7033F9AC3559}.Release|x86.ActiveCfg = Release|Any CPU
		{7FD729BA-EC1B-4F51-BBAB-7033F9AC3559}.Release|x86.Build.0 = Release|Any CPU
		{EA6A8FF4-E58A-4973-A671-6B5D0FBCF15C}.Debug|Any CPU.ActiveCfg = Debug|Any CPU
		{EA6A8FF4-E58A-4973-A671-6B5D0FBCF15C}.Debug|Any CPU.Build.0 = Debug|Any CPU
		{EA6A8FF4-E58A-4973-A671-6B5D0FBCF15C}.Debug|x64.ActiveCfg = Debug|Any CPU
		{EA6A8FF4-E58A-4973-A671-6B5D0FBCF15C}.Debug|x64.Build.0 = Debug|Any CPU
		{EA6A8FF4-E58A-4973-A671-6B5D0FBCF15C}.Debug|x86.ActiveCfg = Debug|Any CPU
		{EA6A8FF4-E58A-4973-A671-6B5D0FBCF15C}.Debug|x86.Build.0 = Debug|Any CPU
		{EA6A8FF4-E58A-4973-A671-6B5D0FBCF15C}.Release|Any CPU.ActiveCfg = Release|Any CPU
		{EA6A8FF4-E58A-4973-A671-6B5D0FBCF15C}.Release|Any CPU.Build.0 = Release|Any CPU
		{EA6A8FF4-E58A-4973-A671-6B5D0FBCF15C}.Release|x64.ActiveCfg = Release|Any CPU
		{EA6A8FF4-E58A-4973-A671-6B5D0FBCF15C}.Release|x64.Build.0 = Release|Any CPU
		{EA6A8FF4-E58A-4973-A671-6B5D0FBCF15C}.Release|x86.ActiveCfg = Release|Any CPU
		{EA6A8FF4-E58A-4973-A671-6B5D0FBCF15C}.Release|x86.Build.0 = Release|Any CPU
		{2869DE27-4DD1-4FF0-94C3-307EABC83E8A}.Debug|Any CPU.ActiveCfg = Debug|Any CPU
		{2869DE27-4DD1-4FF0-94C3-307EABC83E8A}.Debug|Any CPU.Build.0 = Debug|Any CPU
		{2869DE27-4DD1-4FF0-94C3-307EABC83E8A}.Debug|x64.ActiveCfg = Debug|Any CPU
		{2869DE27-4DD1-4FF0-94C3-307EABC83E8A}.Debug|x64.Build.0 = Debug|Any CPU
		{2869DE27-4DD1-4FF0-94C3-307EABC83E8A}.Debug|x86.ActiveCfg = Debug|Any CPU
		{2869DE27-4DD1-4FF0-94C3-307EABC83E8A}.Debug|x86.Build.0 = Debug|Any CPU
		{2869DE27-4DD1-4FF0-94C3-307EABC83E8A}.Release|Any CPU.ActiveCfg = Release|Any CPU
		{2869DE27-4DD1-4FF0-94C3-307EABC83E8A}.Release|Any CPU.Build.0 = Release|Any CPU
		{2869DE27-4DD1-4FF0-94C3-307EABC83E8A}.Release|x64.ActiveCfg = Release|Any CPU
		{2869DE27-4DD1-4FF0-94C3-307EABC83E8A}.Release|x64.Build.0 = Release|Any CPU
		{2869DE27-4DD1-4FF0-94C3-307EABC83E8A}.Release|x86.ActiveCfg = Release|Any CPU
		{2869DE27-4DD1-4FF0-94C3-307EABC83E8A}.Release|x86.Build.0 = Release|Any CPU
		{3D01CD19-D251-4591-A1E3-37FAFEDAE60E}.Debug|Any CPU.ActiveCfg = Debug|Any CPU
		{3D01CD19-D251-4591-A1E3-37FAFEDAE60E}.Debug|Any CPU.Build.0 = Debug|Any CPU
		{3D01CD19-D251-4591-A1E3-37FAFEDAE60E}.Debug|x64.ActiveCfg = Debug|Any CPU
		{3D01CD19-D251-4591-A1E3-37FAFEDAE60E}.Debug|x64.Build.0 = Debug|Any CPU
		{3D01CD19-D251-4591-A1E3-37FAFEDAE60E}.Debug|x86.ActiveCfg = Debug|Any CPU
		{3D01CD19-D251-4591-A1E3-37FAFEDAE60E}.Debug|x86.Build.0 = Debug|Any CPU
		{3D01CD19-D251-4591-A1E3-37FAFEDAE60E}.Release|Any CPU.ActiveCfg = Release|Any CPU
		{3D01CD19-D251-4591-A1E3-37FAFEDAE60E}.Release|Any CPU.Build.0 = Release|Any CPU
		{3D01CD19-D251-4591-A1E3-37FAFEDAE60E}.Release|x64.ActiveCfg = Release|Any CPU
		{3D01CD19-D251-4591-A1E3-37FAFEDAE60E}.Release|x64.Build.0 = Release|Any CPU
		{3D01CD19-D251-4591-A1E3-37FAFEDAE60E}.Release|x86.ActiveCfg = Release|Any CPU
		{3D01CD19-D251-4591-A1E3-37FAFEDAE60E}.Release|x86.Build.0 = Release|Any CPU
	EndGlobalSection
	GlobalSection(SolutionProperties) = preSolution
		HideSolutionNode = FALSE
	EndGlobalSection
EndGlobal
